
Microsoft Visual Studio Solution File, Format Version 12.00
# Visual Studio 15
VisualStudioVersion = 15.0.27004.2008
MinimumVisualStudioVersion = 10.0.40219.1
Project("{9A19103F-16F7-4668-BE54-9A1E7A4F7556}") = "TestingAzure.DataAccess.Interfaces", "TestingAzure.DataAccess.Interfaces\TestingAzure.DataAccess.Interfaces.csproj", "{1FE5AFB1-E22E-4740-A92A-423B24CE4216}"
EndProject
Project("{9A19103F-16F7-4668-BE54-9A1E7A4F7556}") = "TestingAzure.Entities", "TestingAzure.Entities\TestingAzure.Entities.csproj", "{503A895B-4FF9-40B5-A936-4826A9C1C704}"
EndProject
Project("{00D1A9C2-B5F0-4AF3-8072-F6C62B433612}") = "TestingAzure.Databases", "TestingAzure.Databases\TestingAzure.Databases.sqlproj", "{F84CE406-6FF3-4988-B68E-E1604CAE51F1}"
EndProject
Project("{9A19103F-16F7-4668-BE54-9A1E7A4F7556}") = "TestingAzure.DataAccess.EntityFramework", "TestingAzure.DataAccess.EntityFramework\TestingAzure.DataAccess.EntityFramework.csproj", "{06134D7E-1AD1-4F70-9359-CCB78DA7EFD5}"
EndProject
Project("{FAE04EC0-301F-11D3-BF4B-00C04F79EFBC}") = "TestingAzure.WebApi", "TestingAzure.WebApi\TestingAzure.WebApi.csproj", "{633A4168-934D-4DBF-89D0-C23A8CD88774}"
EndProject
Project("{9A19103F-16F7-4668-BE54-9A1E7A4F7556}") = "TestingAzure.WebApiNetCore", "TestingAzure.WebApiNetCore\TestingAzure.WebApiNetCore.csproj", "{333E535B-B465-4036-9A46-6F827D272EBD}"
EndProject
Project("{9A19103F-16F7-4668-BE54-9A1E7A4F7556}") = "TestingAzure.DataAccess.NHibernate", "TestingAzure.DataAccess.NHibernate\TestingAzure.DataAccess.NHibernate.csproj", "{CA4172D4-9B2E-40A0-9EE7-40408ACC4C1E}"
EndProject
Project("{9A19103F-16F7-4668-BE54-9A1E7A4F7556}") = "TestingAzure.CallerToApiFunction", "TestingAzure.CallerToApiFunction\TestingAzure.CallerToApiFunction.csproj", "{6DBE3C19-2388-43D8-BEEB-891644C11A1C}"
EndProject
Project("{2150E333-8FDC-42A3-9474-1A3956D46DE8}") = "Tests", "Tests", "{F7B9C97C-A29A-45B4-B0ED-485F3B6947C6}"
EndProject
Project("{FAE04EC0-301F-11D3-BF4B-00C04F79EFBC}") = "TestingAzure.Tests.Common", "TestingAzure.Tests.Common\TestingAzure.Tests.Common.csproj", "{26A4A994-215D-451B-9CC6-3611ED9BB4E6}"
EndProject
Project("{FAE04EC0-301F-11D3-BF4B-00C04F79EFBC}") = "TestingAzure.Tests.WebApi", "TestingAzure.Tests.WebApi\TestingAzure.Tests.WebApi.csproj", "{ACE41627-6D65-47E7-8679-CFEA6BD4D689}"
EndProject
Global
	GlobalSection(SolutionConfigurationPlatforms) = preSolution
		Debug|Any CPU = Debug|Any CPU
		PublishToAzureSql|Any CPU = PublishToAzureSql|Any CPU
		PublishToOracle|Any CPU = PublishToOracle|Any CPU
		PublishToOracleExpress|Any CPU = PublishToOracleExpress|Any CPU
		PublishToSqlServer|Any CPU = PublishToSqlServer|Any CPU
		Release|Any CPU = Release|Any CPU
	EndGlobalSection
	GlobalSection(ProjectConfigurationPlatforms) = postSolution
		{1FE5AFB1-E22E-4740-A92A-423B24CE4216}.Debug|Any CPU.ActiveCfg = Debug|Any CPU
		{1FE5AFB1-E22E-4740-A92A-423B24CE4216}.Debug|Any CPU.Build.0 = Debug|Any CPU
		{1FE5AFB1-E22E-4740-A92A-423B24CE4216}.PublishToAzureSql|Any CPU.ActiveCfg = PublishToAzureSql|Any CPU
		{1FE5AFB1-E22E-4740-A92A-423B24CE4216}.PublishToAzureSql|Any CPU.Build.0 = PublishToAzureSql|Any CPU
		{1FE5AFB1-E22E-4740-A92A-423B24CE4216}.PublishToOracle|Any CPU.ActiveCfg = PublishToOracle|Any CPU
		{1FE5AFB1-E22E-4740-A92A-423B24CE4216}.PublishToOracle|Any CPU.Build.0 = PublishToOracle|Any CPU
		{1FE5AFB1-E22E-4740-A92A-423B24CE4216}.PublishToOracleExpress|Any CPU.ActiveCfg = PublishToOracleExpress|Any CPU
		{1FE5AFB1-E22E-4740-A92A-423B24CE4216}.PublishToOracleExpress|Any CPU.Build.0 = PublishToOracleExpress|Any CPU
		{1FE5AFB1-E22E-4740-A92A-423B24CE4216}.PublishToSqlServer|Any CPU.ActiveCfg = Web.PublishToSqlServer|Any CPU
		{1FE5AFB1-E22E-4740-A92A-423B24CE4216}.PublishToSqlServer|Any CPU.Build.0 = Web.PublishToSqlServer|Any CPU
		{1FE5AFB1-E22E-4740-A92A-423B24CE4216}.Release|Any CPU.ActiveCfg = Release|Any CPU
		{1FE5AFB1-E22E-4740-A92A-423B24CE4216}.Release|Any CPU.Build.0 = Release|Any CPU
		{503A895B-4FF9-40B5-A936-4826A9C1C704}.Debug|Any CPU.ActiveCfg = Debug|Any CPU
		{503A895B-4FF9-40B5-A936-4826A9C1C704}.Debug|Any CPU.Build.0 = Debug|Any CPU
		{503A895B-4FF9-40B5-A936-4826A9C1C704}.PublishToAzureSql|Any CPU.ActiveCfg = PublishToAzureSql|Any CPU
		{503A895B-4FF9-40B5-A936-4826A9C1C704}.PublishToAzureSql|Any CPU.Build.0 = PublishToAzureSql|Any CPU
		{503A895B-4FF9-40B5-A936-4826A9C1C704}.PublishToOracle|Any CPU.ActiveCfg = PublishToOracle|Any CPU
		{503A895B-4FF9-40B5-A936-4826A9C1C704}.PublishToOracle|Any CPU.Build.0 = PublishToOracle|Any CPU
		{503A895B-4FF9-40B5-A936-4826A9C1C704}.PublishToOracleExpress|Any CPU.ActiveCfg = PublishToOracleExpress|Any CPU
		{503A895B-4FF9-40B5-A936-4826A9C1C704}.PublishToOracleExpress|Any CPU.Build.0 = PublishToOracleExpress|Any CPU
		{503A895B-4FF9-40B5-A936-4826A9C1C704}.PublishToSqlServer|Any CPU.ActiveCfg = Web.PublishToSqlServer|Any CPU
		{503A895B-4FF9-40B5-A936-4826A9C1C704}.PublishToSqlServer|Any CPU.Build.0 = Web.PublishToSqlServer|Any CPU
		{503A895B-4FF9-40B5-A936-4826A9C1C704}.Release|Any CPU.ActiveCfg = Release|Any CPU
		{503A895B-4FF9-40B5-A936-4826A9C1C704}.Release|Any CPU.Build.0 = Release|Any CPU
		{F84CE406-6FF3-4988-B68E-E1604CAE51F1}.Debug|Any CPU.ActiveCfg = Debug|Any CPU
		{F84CE406-6FF3-4988-B68E-E1604CAE51F1}.PublishToAzureSql|Any CPU.ActiveCfg = PublishToAzureSql|Any CPU
		{F84CE406-6FF3-4988-B68E-E1604CAE51F1}.PublishToAzureSql|Any CPU.Deploy.0 = PublishToAzureSql|Any CPU
		{F84CE406-6FF3-4988-B68E-E1604CAE51F1}.PublishToOracle|Any CPU.ActiveCfg = PublishToOracle|Any CPU
		{F84CE406-6FF3-4988-B68E-E1604CAE51F1}.PublishToOracle|Any CPU.Deploy.0 = PublishToOracle|Any CPU
		{F84CE406-6FF3-4988-B68E-E1604CAE51F1}.PublishToOracleExpress|Any CPU.ActiveCfg = PublishToOracleExpress|Any CPU
		{F84CE406-6FF3-4988-B68E-E1604CAE51F1}.PublishToOracleExpress|Any CPU.Deploy.0 = PublishToOracleExpress|Any CPU
		{F84CE406-6FF3-4988-B68E-E1604CAE51F1}.PublishToSqlServer|Any CPU.ActiveCfg = Web.PublishToSqlServer|Any CPU
		{F84CE406-6FF3-4988-B68E-E1604CAE51F1}.PublishToSqlServer|Any CPU.Deploy.0 = Web.PublishToSqlServer|Any CPU
		{F84CE406-6FF3-4988-B68E-E1604CAE51F1}.Release|Any CPU.ActiveCfg = Release|Any CPU
		{06134D7E-1AD1-4F70-9359-CCB78DA7EFD5}.Debug|Any CPU.ActiveCfg = Debug|Any CPU
		{06134D7E-1AD1-4F70-9359-CCB78DA7EFD5}.Debug|Any CPU.Build.0 = Debug|Any CPU
		{06134D7E-1AD1-4F70-9359-CCB78DA7EFD5}.PublishToAzureSql|Any CPU.ActiveCfg = PublishToAzureSql|Any CPU
		{06134D7E-1AD1-4F70-9359-CCB78DA7EFD5}.PublishToAzureSql|Any CPU.Build.0 = PublishToAzureSql|Any CPU
		{06134D7E-1AD1-4F70-9359-CCB78DA7EFD5}.PublishToOracle|Any CPU.ActiveCfg = PublishToOracle|Any CPU
		{06134D7E-1AD1-4F70-9359-CCB78DA7EFD5}.PublishToOracle|Any CPU.Build.0 = PublishToOracle|Any CPU
		{06134D7E-1AD1-4F70-9359-CCB78DA7EFD5}.PublishToOracleExpress|Any CPU.ActiveCfg = PublishToOracleExpress|Any CPU
		{06134D7E-1AD1-4F70-9359-CCB78DA7EFD5}.PublishToOracleExpress|Any CPU.Build.0 = PublishToOracleExpress|Any CPU
		{06134D7E-1AD1-4F70-9359-CCB78DA7EFD5}.PublishToSqlServer|Any CPU.ActiveCfg = Web.PublishToSqlServer|Any CPU
		{06134D7E-1AD1-4F70-9359-CCB78DA7EFD5}.PublishToSqlServer|Any CPU.Build.0 = Web.PublishToSqlServer|Any CPU
		{06134D7E-1AD1-4F70-9359-CCB78DA7EFD5}.Release|Any CPU.ActiveCfg = Release|Any CPU
		{06134D7E-1AD1-4F70-9359-CCB78DA7EFD5}.Release|Any CPU.Build.0 = Release|Any CPU
		{633A4168-934D-4DBF-89D0-C23A8CD88774}.Debug|Any CPU.ActiveCfg = Debug|Any CPU
		{633A4168-934D-4DBF-89D0-C23A8CD88774}.Debug|Any CPU.Build.0 = Debug|Any CPU
		{633A4168-934D-4DBF-89D0-C23A8CD88774}.PublishToAzureSql|Any CPU.ActiveCfg = PublishToAzureSql|Any CPU
		{633A4168-934D-4DBF-89D0-C23A8CD88774}.PublishToAzureSql|Any CPU.Build.0 = PublishToAzureSql|Any CPU
		{633A4168-934D-4DBF-89D0-C23A8CD88774}.PublishToOracle|Any CPU.ActiveCfg = PublishToOracle|Any CPU
		{633A4168-934D-4DBF-89D0-C23A8CD88774}.PublishToOracle|Any CPU.Build.0 = PublishToOracle|Any CPU
		{633A4168-934D-4DBF-89D0-C23A8CD88774}.PublishToOracleExpress|Any CPU.ActiveCfg = PublishToOracleExpress|Any CPU
		{633A4168-934D-4DBF-89D0-C23A8CD88774}.PublishToOracleExpress|Any CPU.Build.0 = PublishToOracleExpress|Any CPU
		{633A4168-934D-4DBF-89D0-C23A8CD88774}.PublishToSqlServer|Any CPU.ActiveCfg = Web.PublishToSqlServer|Any CPU
		{633A4168-934D-4DBF-89D0-C23A8CD88774}.PublishToSqlServer|Any CPU.Build.0 = Web.PublishToSqlServer|Any CPU
		{633A4168-934D-4DBF-89D0-C23A8CD88774}.Release|Any CPU.ActiveCfg = Release|Any CPU
		{633A4168-934D-4DBF-89D0-C23A8CD88774}.Release|Any CPU.Build.0 = Release|Any CPU
		{333E535B-B465-4036-9A46-6F827D272EBD}.Debug|Any CPU.ActiveCfg = Debug|Any CPU
		{333E535B-B465-4036-9A46-6F827D272EBD}.Debug|Any CPU.Build.0 = Debug|Any CPU
		{333E535B-B465-4036-9A46-6F827D272EBD}.PublishToAzureSql|Any CPU.ActiveCfg = PublishToAzureSql|Any CPU
		{333E535B-B465-4036-9A46-6F827D272EBD}.PublishToAzureSql|Any CPU.Build.0 = PublishToAzureSql|Any CPU
		{333E535B-B465-4036-9A46-6F827D272EBD}.PublishToOracle|Any CPU.ActiveCfg = PublishToOracle|Any CPU
		{333E535B-B465-4036-9A46-6F827D272EBD}.PublishToOracle|Any CPU.Build.0 = PublishToOracle|Any CPU
		{333E535B-B465-4036-9A46-6F827D272EBD}.PublishToOracleExpress|Any CPU.ActiveCfg = PublishToOracleExpress|Any CPU
		{333E535B-B465-4036-9A46-6F827D272EBD}.PublishToOracleExpress|Any CPU.Build.0 = PublishToOracleExpress|Any CPU
		{333E535B-B465-4036-9A46-6F827D272EBD}.PublishToSqlServer|Any CPU.ActiveCfg = Web.PublishToSqlServer|Any CPU
		{333E535B-B465-4036-9A46-6F827D272EBD}.PublishToSqlServer|Any CPU.Build.0 = Web.PublishToSqlServer|Any CPU
		{333E535B-B465-4036-9A46-6F827D272EBD}.Release|Any CPU.ActiveCfg = Release|Any CPU
		{333E535B-B465-4036-9A46-6F827D272EBD}.Release|Any CPU.Build.0 = Release|Any CPU
		{CA4172D4-9B2E-40A0-9EE7-40408ACC4C1E}.Debug|Any CPU.ActiveCfg = Debug|Any CPU
		{CA4172D4-9B2E-40A0-9EE7-40408ACC4C1E}.Debug|Any CPU.Build.0 = Debug|Any CPU
		{CA4172D4-9B2E-40A0-9EE7-40408ACC4C1E}.PublishToAzureSql|Any CPU.ActiveCfg = PublishToAzureSql|Any CPU
		{CA4172D4-9B2E-40A0-9EE7-40408ACC4C1E}.PublishToAzureSql|Any CPU.Build.0 = PublishToAzureSql|Any CPU
		{CA4172D4-9B2E-40A0-9EE7-40408ACC4C1E}.PublishToOracle|Any CPU.ActiveCfg = PublishToOracle|Any CPU
		{CA4172D4-9B2E-40A0-9EE7-40408ACC4C1E}.PublishToOracle|Any CPU.Build.0 = PublishToOracle|Any CPU
		{CA4172D4-9B2E-40A0-9EE7-40408ACC4C1E}.PublishToOracleExpress|Any CPU.ActiveCfg = PublishToOracleExpress|Any CPU
		{CA4172D4-9B2E-40A0-9EE7-40408ACC4C1E}.PublishToOracleExpress|Any CPU.Build.0 = PublishToOracleExpress|Any CPU
		{CA4172D4-9B2E-40A0-9EE7-40408ACC4C1E}.PublishToSqlServer|Any CPU.ActiveCfg = Web.PublishToSqlServer|Any CPU
		{CA4172D4-9B2E-40A0-9EE7-40408ACC4C1E}.PublishToSqlServer|Any CPU.Build.0 = Web.PublishToSqlServer|Any CPU
		{CA4172D4-9B2E-40A0-9EE7-40408ACC4C1E}.Release|Any CPU.ActiveCfg = Release|Any CPU
		{CA4172D4-9B2E-40A0-9EE7-40408ACC4C1E}.Release|Any CPU.Build.0 = Release|Any CPU
		{6DBE3C19-2388-43D8-BEEB-891644C11A1C}.Debug|Any CPU.ActiveCfg = Debug|Any CPU
		{6DBE3C19-2388-43D8-BEEB-891644C11A1C}.Debug|Any CPU.Build.0 = Debug|Any CPU
		{6DBE3C19-2388-43D8-BEEB-891644C11A1C}.PublishToAzureSql|Any CPU.ActiveCfg = Debug|Any CPU
		{6DBE3C19-2388-43D8-BEEB-891644C11A1C}.PublishToAzureSql|Any CPU.Build.0 = Debug|Any CPU
		{6DBE3C19-2388-43D8-BEEB-891644C11A1C}.PublishToOracle|Any CPU.ActiveCfg = Debug|Any CPU
		{6DBE3C19-2388-43D8-BEEB-891644C11A1C}.PublishToOracle|Any CPU.Build.0 = Debug|Any CPU
		{6DBE3C19-2388-43D8-BEEB-891644C11A1C}.PublishToOracleExpress|Any CPU.ActiveCfg = PublishToOracleExpress|Any CPU
		{6DBE3C19-2388-43D8-BEEB-891644C11A1C}.PublishToOracleExpress|Any CPU.Build.0 = PublishToOracleExpress|Any CPU
		{6DBE3C19-2388-43D8-BEEB-891644C11A1C}.PublishToSqlServer|Any CPU.ActiveCfg = Debug|Any CPU
		{6DBE3C19-2388-43D8-BEEB-891644C11A1C}.PublishToSqlServer|Any CPU.Build.0 = Debug|Any CPU
		{6DBE3C19-2388-43D8-BEEB-891644C11A1C}.Release|Any CPU.ActiveCfg = Release|Any CPU
		{6DBE3C19-2388-43D8-BEEB-891644C11A1C}.Release|Any CPU.Build.0 = Release|Any CPU
		{26A4A994-215D-451B-9CC6-3611ED9BB4E6}.Debug|Any CPU.ActiveCfg = Debug|Any CPU
		{26A4A994-215D-451B-9CC6-3611ED9BB4E6}.Debug|Any CPU.Build.0 = Debug|Any CPU
		{26A4A994-215D-451B-9CC6-3611ED9BB4E6}.PublishToAzureSql|Any CPU.ActiveCfg = Debug|Any CPU
		{26A4A994-215D-451B-9CC6-3611ED9BB4E6}.PublishToAzureSql|Any CPU.Build.0 = Debug|Any CPU
		{26A4A994-215D-451B-9CC6-3611ED9BB4E6}.PublishToOracle|Any CPU.ActiveCfg = Debug|Any CPU
		{26A4A994-215D-451B-9CC6-3611ED9BB4E6}.PublishToOracle|Any CPU.Build.0 = Debug|Any CPU
		{26A4A994-215D-451B-9CC6-3611ED9BB4E6}.PublishToOracleExpress|Any CPU.ActiveCfg = Debug|Any CPU
		{26A4A994-215D-451B-9CC6-3611ED9BB4E6}.PublishToOracleExpress|Any CPU.Build.0 = Debug|Any CPU
		{26A4A994-215D-451B-9CC6-3611ED9BB4E6}.PublishToSqlServer|Any CPU.ActiveCfg = Debug|Any CPU
		{26A4A994-215D-451B-9CC6-3611ED9BB4E6}.PublishToSqlServer|Any CPU.Build.0 = Debug|Any CPU
		{26A4A994-215D-451B-9CC6-3611ED9BB4E6}.Release|Any CPU.ActiveCfg = Release|Any CPU
		{26A4A994-215D-451B-9CC6-3611ED9BB4E6}.Release|Any CPU.Build.0 = Release|Any CPU
		{ACE41627-6D65-47E7-8679-CFEA6BD4D689}.Debug|Any CPU.ActiveCfg = Debug|Any CPU
		{ACE41627-6D65-47E7-8679-CFEA6BD4D689}.Debug|Any CPU.Build.0 = Debug|Any CPU
		{ACE41627-6D65-47E7-8679-CFEA6BD4D689}.PublishToAzureSql|Any CPU.ActiveCfg = Release|Any CPU
		{ACE41627-6D65-47E7-8679-CFEA6BD4D689}.PublishToAzureSql|Any CPU.Build.0 = Release|Any CPU
		{ACE41627-6D65-47E7-8679-CFEA6BD4D689}.PublishToOracle|Any CPU.ActiveCfg = Release|Any CPU
		{ACE41627-6D65-47E7-8679-CFEA6BD4D689}.PublishToOracle|Any CPU.Build.0 = Release|Any CPU
		{ACE41627-6D65-47E7-8679-CFEA6BD4D689}.PublishToOracleExpress|Any CPU.ActiveCfg = Release|Any CPU
		{ACE41627-6D65-47E7-8679-CFEA6BD4D689}.PublishToOracleExpress|Any CPU.Build.0 = Release|Any CPU
		{ACE41627-6D65-47E7-8679-CFEA6BD4D689}.PublishToSqlServer|Any CPU.ActiveCfg = Release|Any CPU
		{ACE41627-6D65-47E7-8679-CFEA6BD4D689}.PublishToSqlServer|Any CPU.Build.0 = Release|Any CPU
		{ACE41627-6D65-47E7-8679-CFEA6BD4D689}.Release|Any CPU.ActiveCfg = Release|Any CPU
		{ACE41627-6D65-47E7-8679-CFEA6BD4D689}.Release|Any CPU.Build.0 = Release|Any CPU
	EndGlobalSection
	GlobalSection(SolutionProperties) = preSolution
		HideSolutionNode = FALSE
	EndGlobalSection
	GlobalSection(NestedProjects) = preSolution
		{26A4A994-215D-451B-9CC6-3611ED9BB4E6} = {F7B9C97C-A29A-45B4-B0ED-485F3B6947C6}
		{ACE41627-6D65-47E7-8679-CFEA6BD4D689} = {F7B9C97C-A29A-45B4-B0ED-485F3B6947C6}
	EndGlobalSection
	GlobalSection(ExtensibilityGlobals) = postSolution
		SolutionGuid = {32A0611E-4BBD-4C03-8A49-3CA981665BE6}
	EndGlobalSection
EndGlobal
